
Microsoft Visual Studio Solution File, Format Version 12.00
# Visual Studio Version 16
VisualStudioVersion = 16.0.30611.23
MinimumVisualStudioVersion = 10.0.40219.1
Project("{FAE04EC0-301F-11D3-BF4B-00C04F79EFBC}") = "Utrom", "Utrom\Utrom.csproj", "{A8A80DF9-BBD0-480B-B023-782C31C06031}"
EndProject
Global
	GlobalSection(SolutionConfigurationPlatforms) = preSolution
		Debug|Any CPU = Debug|Any CPU
		Release|Any CPU = Release|Any CPU
	EndGlobalSection
	GlobalSection(ProjectConfigurationPlatforms) = postSolution
		{A8A80DF9-BBD0-480B-B023-782C31C06031}.Debug|Any CPU.ActiveCfg = Debug|Any CPU
		{A8A80DF9-BBD0-480B-B023-782C31C06031}.Debug|Any CPU.Build.0 = Debug|Any CPU
		{A8A80DF9-BBD0-480B-B023-782C31C06031}.Release|Any CPU.ActiveCfg = Release|Any CPU
		{A8A80DF9-BBD0-480B-B023-782C31C06031}.Release|Any CPU.Build.0 = Release|Any CPU
	EndGlobalSection
	GlobalSection(SolutionProperties) = preSolution
		HideSolutionNode = FALSE
	EndGlobalSection
	GlobalSection(ExtensibilityGlobals) = postSolution
		SolutionGuid = {355B799B-9EAB-49A9-BD30-A2069F482C83}
	EndGlobalSection
EndGlobal
